// !$*UTF8*$!
{
	archiveVersion = 1;
	classes = {
	};
	objectVersion = 46;
	objects = {

/* Begin PBXBuildFile section */
		F55420D81D34328000E78F88 /* AppDelegate.swift in Sources */ = {isa = PBXBuildFile; fileRef = F55420D71D34328000E78F88 /* AppDelegate.swift */; };
		F55420DA1D34328000E78F88 /* ViewController.swift in Sources */ = {isa = PBXBuildFile; fileRef = F55420D91D34328000E78F88 /* ViewController.swift */; };
		F55420DD1D34328000E78F88 /* Main.storyboard in Resources */ = {isa = PBXBuildFile; fileRef = F55420DB1D34328000E78F88 /* Main.storyboard */; };
		F55420DF1D34328000E78F88 /* Assets.xcassets in Resources */ = {isa = PBXBuildFile; fileRef = F55420DE1D34328000E78F88 /* Assets.xcassets */; };
		F55420E21D34328000E78F88 /* LaunchScreen.storyboard in Resources */ = {isa = PBXBuildFile; fileRef = F55420E01D34328000E78F88 /* LaunchScreen.storyboard */; };
		F59AA5B41D36B45700E53D53 /* ListGroceryCell.swift in Sources */ = {isa = PBXBuildFile; fileRef = F59AA5B31D36B45700E53D53 /* ListGroceryCell.swift */; };
		F59AA5BA1D36DBFF00E53D53 /* PhotoViewController.swift in Sources */ = {isa = PBXBuildFile; fileRef = F59AA5B91D36DBFF00E53D53 /* PhotoViewController.swift */; };
		F59AA5BC1D38204C00E53D53 /* GroceryItem.swift in Sources */ = {isa = PBXBuildFile; fileRef = F59AA5BB1D38204C00E53D53 /* GroceryItem.swift */; };
		F59AA5BE1D383F4B00E53D53 /* RealmHelper.swift in Sources */ = {isa = PBXBuildFile; fileRef = F59AA5BD1D383F4B00E53D53 /* RealmHelper.swift */; };
		F59AA5C21D38403700E53D53 /* NSDate+convertToString.swift in Sources */ = {isa = PBXBuildFile; fileRef = F59AA5C11D38403700E53D53 /* NSDate+convertToString.swift */; };
		F59AA5C71D387B1C00E53D53 /* Realm.framework in Frameworks */ = {isa = PBXBuildFile; fileRef = F59AA5C51D387B1C00E53D53 /* Realm.framework */; };
		F59AA5C81D387B1C00E53D53 /* Realm.framework in Embed Frameworks */ = {isa = PBXBuildFile; fileRef = F59AA5C51D387B1C00E53D53 /* Realm.framework */; settings = {ATTRIBUTES = (CodeSignOnCopy, RemoveHeadersOnCopy, ); }; };
		F59AA5C91D387B1C00E53D53 /* RealmSwift.framework in Frameworks */ = {isa = PBXBuildFile; fileRef = F59AA5C61D387B1C00E53D53 /* RealmSwift.framework */; };
		F59AA5CA1D387B1C00E53D53 /* RealmSwift.framework in Embed Frameworks */ = {isa = PBXBuildFile; fileRef = F59AA5C61D387B1C00E53D53 /* RealmSwift.framework */; settings = {ATTRIBUTES = (CodeSignOnCopy, RemoveHeadersOnCopy, ); }; };
		F59AA5D31D3970B500E53D53 /* GroceryListViewController.swift in Sources */ = {isa = PBXBuildFile; fileRef = F59AA5D21D3970B500E53D53 /* GroceryListViewController.swift */; };
		F5CD9FAC1D4028B500114F5A /* Settings.swift in Sources */ = {isa = PBXBuildFile; fileRef = F5CD9FAB1D4028B500114F5A /* Settings.swift */; };
		F5CD9FAE1D4037A500114F5A /* SettingsViewController.swift in Sources */ = {isa = PBXBuildFile; fileRef = F5CD9FAD1D4037A500114F5A /* SettingsViewController.swift */; };
		F5F2E2E01D35893B00C074C3 /* CheckBox.swift in Sources */ = {isa = PBXBuildFile; fileRef = F5F2E2DF1D35893B00C074C3 /* CheckBox.swift */; };
/* End PBXBuildFile section */

/* Begin PBXCopyFilesBuildPhase section */
		F59AA5CB1D387B1C00E53D53 /* Embed Frameworks */ = {
			isa = PBXCopyFilesBuildPhase;
			buildActionMask = 2147483647;
			dstPath = "";
			dstSubfolderSpec = 10;
			files = (
				F59AA5CA1D387B1C00E53D53 /* RealmSwift.framework in Embed Frameworks */,
				F59AA5C81D387B1C00E53D53 /* Realm.framework in Embed Frameworks */,
			);
			name = "Embed Frameworks";
			runOnlyForDeploymentPostprocessing = 0;
		};
/* End PBXCopyFilesBuildPhase section */

/* Begin PBXFileReference section */
		F55420D41D34328000E78F88 /* GroceriesApp.app */ = {isa = PBXFileReference; explicitFileType = wrapper.application; includeInIndex = 0; path = GroceriesApp.app; sourceTree = BUILT_PRODUCTS_DIR; };
		F55420D71D34328000E78F88 /* AppDelegate.swift */ = {isa = PBXFileReference; lastKnownFileType = sourcecode.swift; path = AppDelegate.swift; sourceTree = "<group>"; };
		F55420D91D34328000E78F88 /* ViewController.swift */ = {isa = PBXFileReference; lastKnownFileType = sourcecode.swift; path = ViewController.swift; sourceTree = "<group>"; };
		F55420DC1D34328000E78F88 /* Base */ = {isa = PBXFileReference; lastKnownFileType = file.storyboard; name = Base; path = Base.lproj/Main.storyboard; sourceTree = "<group>"; };
		F55420DE1D34328000E78F88 /* Assets.xcassets */ = {isa = PBXFileReference; lastKnownFileType = folder.assetcatalog; path = Assets.xcassets; sourceTree = "<group>"; };
		F55420E11D34328000E78F88 /* Base */ = {isa = PBXFileReference; lastKnownFileType = file.storyboard; name = Base; path = Base.lproj/LaunchScreen.storyboard; sourceTree = "<group>"; };
		F55420E31D34328000E78F88 /* Info.plist */ = {isa = PBXFileReference; lastKnownFileType = text.plist.xml; path = Info.plist; sourceTree = "<group>"; };
		F59AA5B31D36B45700E53D53 /* ListGroceryCell.swift */ = {isa = PBXFileReference; fileEncoding = 4; lastKnownFileType = sourcecode.swift; path = ListGroceryCell.swift; sourceTree = "<group>"; };
		F59AA5B91D36DBFF00E53D53 /* PhotoViewController.swift */ = {isa = PBXFileReference; fileEncoding = 4; lastKnownFileType = sourcecode.swift; path = PhotoViewController.swift; sourceTree = "<group>"; };
		F59AA5BB1D38204C00E53D53 /* GroceryItem.swift */ = {isa = PBXFileReference; fileEncoding = 4; lastKnownFileType = sourcecode.swift; path = GroceryItem.swift; sourceTree = "<group>"; };
		F59AA5BD1D383F4B00E53D53 /* RealmHelper.swift */ = {isa = PBXFileReference; fileEncoding = 4; lastKnownFileType = sourcecode.swift; path = RealmHelper.swift; sourceTree = "<group>"; };
		F59AA5C11D38403700E53D53 /* NSDate+convertToString.swift */ = {isa = PBXFileReference; fileEncoding = 4; lastKnownFileType = sourcecode.swift; path = "NSDate+convertToString.swift"; sourceTree = "<group>"; };
		F59AA5C51D387B1C00E53D53 /* Realm.framework */ = {isa = PBXFileReference; lastKnownFileType = wrapper.framework; path = Realm.framework; sourceTree = "<group>"; };
		F59AA5C61D387B1C00E53D53 /* RealmSwift.framework */ = {isa = PBXFileReference; lastKnownFileType = wrapper.framework; path = RealmSwift.framework; sourceTree = "<group>"; };
		F59AA5D21D3970B500E53D53 /* GroceryListViewController.swift */ = {isa = PBXFileReference; fileEncoding = 4; lastKnownFileType = sourcecode.swift; path = GroceryListViewController.swift; sourceTree = "<group>"; };
		F5CD9FAB1D4028B500114F5A /* Settings.swift */ = {isa = PBXFileReference; fileEncoding = 4; lastKnownFileType = sourcecode.swift; path = Settings.swift; sourceTree = "<group>"; };
		F5CD9FAD1D4037A500114F5A /* SettingsViewController.swift */ = {isa = PBXFileReference; fileEncoding = 4; lastKnownFileType = sourcecode.swift; path = SettingsViewController.swift; sourceTree = "<group>"; };
		F5F2E2DF1D35893B00C074C3 /* CheckBox.swift */ = {isa = PBXFileReference; fileEncoding = 4; lastKnownFileType = sourcecode.swift; path = CheckBox.swift; sourceTree = "<group>"; };
/* End PBXFileReference section */

/* Begin PBXFrameworksBuildPhase section */
		F55420D11D34328000E78F88 /* Frameworks */ = {
			isa = PBXFrameworksBuildPhase;
			buildActionMask = 2147483647;
			files = (
				F59AA5C91D387B1C00E53D53 /* RealmSwift.framework in Frameworks */,
				F59AA5C71D387B1C00E53D53 /* Realm.framework in Frameworks */,
			);
			runOnlyForDeploymentPostprocessing = 0;
		};
/* End PBXFrameworksBuildPhase section */

/* Begin PBXGroup section */
		F54FE0E41D41AF55002B9192 /* MRLocalNotificationFacade */ = {
			isa = PBXGroup;
			children = (
			);
			path = MRLocalNotificationFacade;
			sourceTree = "<group>";
		};
		F55420CB1D34328000E78F88 = {
			isa = PBXGroup;
			children = (
				F54FE0E41D41AF55002B9192 /* MRLocalNotificationFacade */,
				F59AA5C51D387B1C00E53D53 /* Realm.framework */,
				F59AA5C61D387B1C00E53D53 /* RealmSwift.framework */,
				F55420D61D34328000E78F88 /* GroceriesApp */,
				F55420D51D34328000E78F88 /* Products */,
			);
			sourceTree = "<group>";
		};
		F55420D51D34328000E78F88 /* Products */ = {
			isa = PBXGroup;
			children = (
				F55420D41D34328000E78F88 /* GroceriesApp.app */,
			);
			name = Products;
			sourceTree = "<group>";
		};
		F55420D61D34328000E78F88 /* GroceriesApp */ = {
			isa = PBXGroup;
			children = (
				F55420D71D34328000E78F88 /* AppDelegate.swift */,
				F55420D91D34328000E78F88 /* ViewController.swift */,
				F5F2E2DF1D35893B00C074C3 /* CheckBox.swift */,
				F55420DB1D34328000E78F88 /* Main.storyboard */,
				F55420DE1D34328000E78F88 /* Assets.xcassets */,
				F55420E01D34328000E78F88 /* LaunchScreen.storyboard */,
				F55420E31D34328000E78F88 /* Info.plist */,
				F59AA5B31D36B45700E53D53 /* ListGroceryCell.swift */,
				F59AA5B91D36DBFF00E53D53 /* PhotoViewController.swift */,
				F59AA5BB1D38204C00E53D53 /* GroceryItem.swift */,
				F59AA5BD1D383F4B00E53D53 /* RealmHelper.swift */,
				F59AA5C11D38403700E53D53 /* NSDate+convertToString.swift */,
				F59AA5D21D3970B500E53D53 /* GroceryListViewController.swift */,
				F5CD9FAB1D4028B500114F5A /* Settings.swift */,
				F5CD9FAD1D4037A500114F5A /* SettingsViewController.swift */,
			);
			path = GroceriesApp;
			sourceTree = "<group>";
		};
/* End PBXGroup section */

/* Begin PBXNativeTarget section */
		F55420D31D34328000E78F88 /* GroceriesApp */ = {
			isa = PBXNativeTarget;
			buildConfigurationList = F55420E61D34328000E78F88 /* Build configuration list for PBXNativeTarget "GroceriesApp" */;
			buildPhases = (
				F55420D01D34328000E78F88 /* Sources */,
				F55420D11D34328000E78F88 /* Frameworks */,
				F55420D21D34328000E78F88 /* Resources */,
				F59AA5CB1D387B1C00E53D53 /* Embed Frameworks */,
			);
			buildRules = (
			);
			dependencies = (
			);
			name = GroceriesApp;
			productName = GroceriesApp;
			productReference = F55420D41D34328000E78F88 /* GroceriesApp.app */;
			productType = "com.apple.product-type.application";
		};
/* End PBXNativeTarget section */

/* Begin PBXProject section */
		F55420CC1D34328000E78F88 /* Project object */ = {
			isa = PBXProject;
			attributes = {
				LastSwiftUpdateCheck = 0730;
				LastUpgradeCheck = 0730;
				ORGANIZATIONNAME = MakeSchool;
				TargetAttributes = {
					F55420D31D34328000E78F88 = {
						CreatedOnToolsVersion = 7.3.1;
						DevelopmentTeam = U53EUNMU98;
					};
				};
			};
			buildConfigurationList = F55420CF1D34328000E78F88 /* Build configuration list for PBXProject "GroceriesApp" */;
			compatibilityVersion = "Xcode 3.2";
			developmentRegion = English;
			hasScannedForEncodings = 0;
			knownRegions = (
				en,
				Base,
			);
			mainGroup = F55420CB1D34328000E78F88;
			productRefGroup = F55420D51D34328000E78F88 /* Products */;
			projectDirPath = "";
			projectRoot = "";
			targets = (
				F55420D31D34328000E78F88 /* GroceriesApp */,
			);
		};
/* End PBXProject section */

/* Begin PBXResourcesBuildPhase section */
		F55420D21D34328000E78F88 /* Resources */ = {
			isa = PBXResourcesBuildPhase;
			buildActionMask = 2147483647;
			files = (
				F55420E21D34328000E78F88 /* LaunchScreen.storyboard in Resources */,
				F55420DF1D34328000E78F88 /* Assets.xcassets in Resources */,
				F55420DD1D34328000E78F88 /* Main.storyboard in Resources */,
			);
			runOnlyForDeploymentPostprocessing = 0;
		};
/* End PBXResourcesBuildPhase section */

/* Begin PBXSourcesBuildPhase section */
		F55420D01D34328000E78F88 /* Sources */ = {
			isa = PBXSourcesBuildPhase;
			buildActionMask = 2147483647;
			files = (
				F59AA5D31D3970B500E53D53 /* GroceryListViewController.swift in Sources */,
				F55420DA1D34328000E78F88 /* ViewController.swift in Sources */,
				F5CD9FAE1D4037A500114F5A /* SettingsViewController.swift in Sources */,
				F55420D81D34328000E78F88 /* AppDelegate.swift in Sources */,
				F59AA5BA1D36DBFF00E53D53 /* PhotoViewController.swift in Sources */,
				F5CD9FAC1D4028B500114F5A /* Settings.swift in Sources */,
				F5F2E2E01D35893B00C074C3 /* CheckBox.swift in Sources */,
				F59AA5BE1D383F4B00E53D53 /* RealmHelper.swift in Sources */,
				F59AA5B41D36B45700E53D53 /* ListGroceryCell.swift in Sources */,
				F59AA5BC1D38204C00E53D53 /* GroceryItem.swift in Sources */,
				F59AA5C21D38403700E53D53 /* NSDate+convertToString.swift in Sources */,
			);
			runOnlyForDeploymentPostprocessing = 0;
		};
/* End PBXSourcesBuildPhase section */

/* Begin PBXVariantGroup section */
		F55420DB1D34328000E78F88 /* Main.storyboard */ = {
			isa = PBXVariantGroup;
			children = (
				F55420DC1D34328000E78F88 /* Base */,
			);
			name = Main.storyboard;
			sourceTree = "<group>";
		};
		F55420E01D34328000E78F88 /* LaunchScreen.storyboard */ = {
			isa = PBXVariantGroup;
			children = (
				F55420E11D34328000E78F88 /* Base */,
			);
			name = LaunchScreen.storyboard;
			sourceTree = "<group>";
		};
/* End PBXVariantGroup section */

/* Begin XCBuildConfiguration section */
		F55420E41D34328000E78F88 /* Debug */ = {
			isa = XCBuildConfiguration;
			buildSettings = {
				ALWAYS_SEARCH_USER_PATHS = NO;
				CLANG_ANALYZER_NONNULL = YES;
				CLANG_CXX_LANGUAGE_STANDARD = "gnu++0x";
				CLANG_CXX_LIBRARY = "libc++";
				CLANG_ENABLE_MODULES = YES;
				CLANG_ENABLE_OBJC_ARC = YES;
				CLANG_WARN_BOOL_CONVERSION = YES;
				CLANG_WARN_CONSTANT_CONVERSION = YES;
				CLANG_WARN_DIRECT_OBJC_ISA_USAGE = YES_ERROR;
				CLANG_WARN_EMPTY_BODY = YES;
				CLANG_WARN_ENUM_CONVERSION = YES;
				CLANG_WARN_INT_CONVERSION = YES;
				CLANG_WARN_OBJC_ROOT_CLASS = YES_ERROR;
				CLANG_WARN_UNREACHABLE_CODE = YES;
				CLANG_WARN__DUPLICATE_METHOD_MATCH = YES;
				"CODE_SIGN_IDENTITY[sdk=iphoneos*]" = "iPhone Developer";
				COPY_PHASE_STRIP = NO;
				DEBUG_INFORMATION_FORMAT = dwarf;
				ENABLE_STRICT_OBJC_MSGSEND = YES;
				ENABLE_TESTABILITY = YES;
				GCC_C_LANGUAGE_STANDARD = gnu99;
				GCC_DYNAMIC_NO_PIC = NO;
				GCC_NO_COMMON_BLOCKS = YES;
				GCC_OPTIMIZATION_LEVEL = 0;
				GCC_PREPROCESSOR_DEFINITIONS = (
					"DEBUG=1",
					"$(inherited)",
				);
				GCC_WARN_64_TO_32_BIT_CONVERSION = YES;
				GCC_WARN_ABOUT_RETURN_TYPE = YES_ERROR;
				GCC_WARN_UNDECLARED_SELECTOR = YES;
				GCC_WARN_UNINITIALIZED_AUTOS = YES_AGGRESSIVE;
				GCC_WARN_UNUSED_FUNCTION = YES;
				GCC_WARN_UNUSED_VARIABLE = YES;
				IPHONEOS_DEPLOYMENT_TARGET = 9.3;
				MTL_ENABLE_DEBUG_INFO = YES;
				ONLY_ACTIVE_ARCH = YES;
				SDKROOT = iphoneos;
				SWIFT_OPTIMIZATION_LEVEL = "-Onone";
			};
			name = Debug;
		};
		F55420E51D34328000E78F88 /* Release */ = {
			isa = XCBuildConfiguration;
			buildSettings = {
				ALWAYS_SEARCH_USER_PATHS = NO;
				CLANG_ANALYZER_NONNULL = YES;
				CLANG_CXX_LANGUAGE_STANDARD = "gnu++0x";
				CLANG_CXX_LIBRARY = "libc++";
				CLANG_ENABLE_MODULES = YES;
				CLANG_ENABLE_OBJC_ARC = YES;
				CLANG_WARN_BOOL_CONVERSION = YES;
				CLANG_WARN_CONSTANT_CONVERSION = YES;
				CLANG_WARN_DIRECT_OBJC_ISA_USAGE = YES_ERROR;
				CLANG_WARN_EMPTY_BODY = YES;
				CLANG_WARN_ENUM_CONVERSION = YES;
				CLANG_WARN_INT_CONVERSION = YES;
				CLANG_WARN_OBJC_ROOT_CLASS = YES_ERROR;
				CLANG_WARN_UNREACHABLE_CODE = YES;
				CLANG_WARN__DUPLICATE_METHOD_MATCH = YES;
				"CODE_SIGN_IDENTITY[sdk=iphoneos*]" = "iPhone Developer";
				COPY_PHASE_STRIP = NO;
				DEBUG_INFORMATION_FORMAT = "dwarf-with-dsym";
				ENABLE_NS_ASSERTIONS = NO;
				ENABLE_STRICT_OBJC_MSGSEND = YES;
				GCC_C_LANGUAGE_STANDARD = gnu99;
				GCC_NO_COMMON_BLOCKS = YES;
				GCC_WARN_64_TO_32_BIT_CONVERSION = YES;
				GCC_WARN_ABOUT_RETURN_TYPE = YES_ERROR;
				GCC_WARN_UNDECLARED_SELECTOR = YES;
				GCC_WARN_UNINITIALIZED_AUTOS = YES_AGGRESSIVE;
				GCC_WARN_UNUSED_FUNCTION = YES;
				GCC_WARN_UNUSED_VARIABLE = YES;
				IPHONEOS_DEPLOYMENT_TARGET = 9.3;
				MTL_ENABLE_DEBUG_INFO = NO;
				SDKROOT = iphoneos;
				VALIDATE_PRODUCT = YES;
			};
			name = Release;
		};
		F55420E71D34328000E78F88 /* Debug */ = {
			isa = XCBuildConfiguration;
			buildSettings = {
				ASSETCATALOG_COMPILER_APPICON_NAME = AppIcon;
				CLANG_ENABLE_MODULES = YES;
				CODE_SIGN_IDENTITY = "iPhone Developer";
				"CODE_SIGN_IDENTITY[sdk=iphoneos*]" = "iPhone Developer";
				FRAMEWORK_SEARCH_PATHS = (
					"$(inherited)",
					"$(PROJECT_DIR)",
					"$(SRCROOT)/**",
				);
				INFOPLIST_FILE = GroceriesApp/Info.plist;
				IPHONEOS_DEPLOYMENT_TARGET = 9.3;
				LD_RUNPATH_SEARCH_PATHS = "$(inherited) @executable_path/Frameworks";
				PRODUCT_BUNDLE_IDENTIFIER = com.makeschool.GroceriesApp;
				PRODUCT_NAME = "$(TARGET_NAME)";
				PROVISIONING_PROFILE = "";
				SWIFT_OPTIMIZATION_LEVEL = "-Onone";
				TARGETED_DEVICE_FAMILY = 1;
			};
			name = Debug;
		};
		F55420E81D34328000E78F88 /* Release */ = {
			isa = XCBuildConfiguration;
			buildSettings = {
				ASSETCATALOG_COMPILER_APPICON_NAME = AppIcon;
				CLANG_ENABLE_MODULES = YES;
				CODE_SIGN_IDENTITY = "iPhone Developer";
				"CODE_SIGN_IDENTITY[sdk=iphoneos*]" = "iPhone Developer";
				FRAMEWORK_SEARCH_PATHS = (
					"$(inherited)",
					"$(PROJECT_DIR)",
					"$(SRCROOT)/**",
				);
				INFOPLIST_FILE = GroceriesApp/Info.plist;
				IPHONEOS_DEPLOYMENT_TARGET = 9.3;
				LD_RUNPATH_SEARCH_PATHS = "$(inherited) @executable_path/Frameworks";
				PRODUCT_BUNDLE_IDENTIFIER = com.makeschool.GroceriesApp;
				PRODUCT_NAME = "$(TARGET_NAME)";
				PROVISIONING_PROFILE = "";
				TARGETED_DEVICE_FAMILY = 1;
			};
			name = Release;
		};
/* End XCBuildConfiguration section */

/* Begin XCConfigurationList section */
		F55420CF1D34328000E78F88 /* Build configuration list for PBXProject "GroceriesApp" */ = {
			isa = XCConfigurationList;
			buildConfigurations = (
				F55420E41D34328000E78F88 /* Debug */,
				F55420E51D34328000E78F88 /* Release */,
			);
			defaultConfigurationIsVisible = 0;
			defaultConfigurationName = Release;
		};
		F55420E61D34328000E78F88 /* Build configuration list for PBXNativeTarget "GroceriesApp" */ = {
			isa = XCConfigurationList;
			buildConfigurations = (
				F55420E71D34328000E78F88 /* Debug */,
				F55420E81D34328000E78F88 /* Release */,
			);
			defaultConfigurationIsVisible = 0;
			defaultConfigurationName = Release;
		};
/* End XCConfigurationList section */
	};
	rootObject = F55420CC1D34328000E78F88 /* Project object */;
}
